
Microsoft Visual Studio Solution File, Format Version 12.00
# Visual Studio 15
VisualStudioVersion = 15.0.27703.2035
MinimumVisualStudioVersion = 10.0.40219.1
Project("{FAE04EC0-301F-11D3-BF4B-00C04F79EFBC}") = "Common", "Common\Common.csproj", "{171BF949-E5EF-48F0-A90C-BF81E6992E05}"
EndProject
Project("{FAE04EC0-301F-11D3-BF4B-00C04F79EFBC}") = "Web", "Web\Web.csproj", "{EBB1B394-DC10-4C13-B043-6598E7176648}"
EndProject
Global
	GlobalSection(SolutionConfigurationPlatforms) = preSolution
		Debug|Any CPU = Debug|Any CPU
		Release|Any CPU = Release|Any CPU
	EndGlobalSection
	GlobalSection(ProjectConfigurationPlatforms) = postSolution
		{171BF949-E5EF-48F0-A90C-BF81E6992E05}.Debug|Any CPU.ActiveCfg = Debug|Any CPU
		{171BF949-E5EF-48F0-A90C-BF81E6992E05}.Debug|Any CPU.Build.0 = Debug|Any CPU
		{171BF949-E5EF-48F0-A90C-BF81E6992E05}.Release|Any CPU.ActiveCfg = Release|Any CPU
		{171BF949-E5EF-48F0-A90C-BF81E6992E05}.Release|Any CPU.Build.0 = Release|Any CPU
		{EBB1B394-DC10-4C13-B043-6598E7176648}.Debug|Any CPU.ActiveCfg = Debug|Any CPU
		{EBB1B394-DC10-4C13-B043-6598E7176648}.Debug|Any CPU.Build.0 = Debug|Any CPU
		{EBB1B394-DC10-4C13-B043-6598E7176648}.Release|Any CPU.ActiveCfg = Release|Any CPU
		{EBB1B394-DC10-4C13-B043-6598E7176648}.Release|Any CPU.Build.0 = Release|Any CPU
	EndGlobalSection
	GlobalSection(SolutionProperties) = preSolution
		HideSolutionNode = FALSE
	EndGlobalSection
	GlobalSection(ExtensibilityGlobals) = postSolution
		SolutionGuid = {73E57C6A-E620-4BD7-8CEE-7BD97F6E7710}
	EndGlobalSection
EndGlobal
